
Microsoft Visual Studio Solution File, Format Version 12.00
# Visual Studio Version 17
VisualStudioVersion = 17.5.33530.505
MinimumVisualStudioVersion = 10.0.40219.1
Project("{9A19103F-16F7-4668-BE54-9A1E7A4F7556}") = "LibraryApp", "LibraryApp\LibraryApp.csproj", "{6151B26F-08B0-4812-825E-2AA6B31FF927}"
EndProject
Project("{FAE04EC0-301F-11D3-BF4B-00C04F79EFBC}") = "WebLibrary", "WebLibrary\WebLibrary.csproj", "{B7297395-E645-4881-8F31-1413358DB610}"
EndProject
Global
	GlobalSection(SolutionConfigurationPlatforms) = preSolution
		Debug|Any CPU = Debug|Any CPU
		Release|Any CPU = Release|Any CPU
	EndGlobalSection
	GlobalSection(ProjectConfigurationPlatforms) = postSolution
		{6151B26F-08B0-4812-825E-2AA6B31FF927}.Debug|Any CPU.ActiveCfg = Debug|Any CPU
		{6151B26F-08B0-4812-825E-2AA6B31FF927}.Debug|Any CPU.Build.0 = Debug|Any CPU
		{6151B26F-08B0-4812-825E-2AA6B31FF927}.Release|Any CPU.ActiveCfg = Release|Any CPU
		{6151B26F-08B0-4812-825E-2AA6B31FF927}.Release|Any CPU.Build.0 = Release|Any CPU
		{B7297395-E645-4881-8F31-1413358DB610}.Debug|Any CPU.ActiveCfg = Debug|Any CPU
		{B7297395-E645-4881-8F31-1413358DB610}.Debug|Any CPU.Build.0 = Debug|Any CPU
		{B7297395-E645-4881-8F31-1413358DB610}.Release|Any CPU.ActiveCfg = Release|Any CPU
		{B7297395-E645-4881-8F31-1413358DB610}.Release|Any CPU.Build.0 = Release|Any CPU
	EndGlobalSection
	GlobalSection(SolutionProperties) = preSolution
		HideSolutionNode = FALSE
	EndGlobalSection
	GlobalSection(ExtensibilityGlobals) = postSolution
		SolutionGuid = {8659C28A-8A5F-4D55-8803-4B8D65EFB439}
	EndGlobalSection
EndGlobal
